<?xml version="1.0" encoding="utf-8"?>
<Project ToolsVersion="4.0" xmlns="http://schemas.microsoft.com/developer/msbuild/2003">
  <ItemGroup>
    <Filter Include="Source Files">
      <UniqueIdentifier>{4FC737F1-C7A5-4376-A066-2A32D752A2FF}</UniqueIdentifier>
      <Extensions>cpp;c;cc;cxx;def;odl;idl;hpj;bat;asm;asmx</Extensions>
    </Filter>
    <Filter Include="Header Files">
      <UniqueIdentifier>{93995380-89BD-4b04-88EB-625FBE52EBFB}</UniqueIdentifier>
      <Extensions>h;hh;hpp;hxx;hm;inl;inc;xsd</Extensions>
    </Filter>
    <Filter Include="Resource Files">
      <UniqueIdentifier>{67DA6AB6-F800-4c08-8B7A-83BB121AAD01}</UniqueIdentifier>
      <Extensions>rc;ico;cur;bmp;dlg;rc2;rct;bin;rgs;gif;jpg;jpeg;jpe;resx;tiff;tif;png;wav;mfcribbon-ms</Extensions>
    </Filter>
  </ItemGroup>
  <ItemGroup>
    <ClInclude Include="Node.h">
      <Filter>Header Files</Filter>
    </ClInclude>
    <ClInclude Include="Dictionary.h">
      <Filter>Header Files</Filter>
    </ClInclude>
    <ClInclude Include="Expression.h">
      <Filter>Header Files</Filter>
    </ClInclude>
    <ClInclude Include="Token.h">
      <Filter>Header Files</Filter>
    </ClInclude>
    <ClInclude Include="Operator.h">
      <Filter>Header Files</Filter>
    </ClInclude>
    <ClInclude Include="BinaryOperator.h">
      <Filter>Header Files</Filter>
    </ClInclude>
    <ClInclude Include="AssignOperator.h">
      <Filter>Header Files</Filter>
    </ClInclude>
    <ClInclude Include="DecrementOperator.h">
      <Filter>Header Files</Filter>
    </ClInclude>
    <ClInclude Include="NotOperator.h">
      <Filter>Header Files</Filter>
    </ClInclude>
    <ClInclude Include="AndOperator.h">
      <Filter>Header Files</Filter>
    </ClInclude>
    <ClInclude Include="OrOperator.h">
      <Filter>Header Files</Filter>
    </ClInclude>
    <ClInclude Include="GraterOperator.h">
      <Filter>Header Files</Filter>
    </ClInclude>
    <ClInclude Include="LessOperator.h">
      <Filter>Header Files</Filter>
    </ClInclude>
    <ClInclude Include="NotEqualOperator.h">
      <Filter>Header Files</Filter>
    </ClInclude>
    <ClInclude Include="GraterOrEqualOperator.h">
      <Filter>Header Files</Filter>
    </ClInclude>
    <ClInclude Include="LessOrEqualOperator.h">
      <Filter>Header Files</Filter>
    </ClInclude>
    <ClInclude Include="AdditionOperator.h">
      <Filter>Header Files</Filter>
    </ClInclude>
    <ClInclude Include="MultiplicationOperator.h">
      <Filter>Header Files</Filter>
    </ClInclude>
    <ClInclude Include="SubtractionOperator.h">
      <Filter>Header Files</Filter>
    </ClInclude>
    <ClInclude Include="DivisionOperator.h">
      <Filter>Header Files</Filter>
    </ClInclude>
    <ClInclude Include="ModuloOperator.h">
      <Filter>Header Files</Filter>
    </ClInclude>
    <ClInclude Include="EqualOperator.h">
      <Filter>Header Files</Filter>
    </ClInclude>
  </ItemGroup>
  <ItemGroup>
    <ClCompile Include="Node.cpp">
      <Filter>Source Files</Filter>
    </ClCompile>
    <ClCompile Include="Dictionary.cpp">
      <Filter>Source Files</Filter>
    </ClCompile>
    <ClCompile Include="main.cpp">
      <Filter>Source Files</Filter>
    </ClCompile>
    <ClCompile Include="Token.cpp">
      <Filter>Source Files</Filter>
    </ClCompile>
    <ClCompile Include="Operator.cpp">
      <Filter>Source Files</Filter>
    </ClCompile>
    <ClCompile Include="AdditionOperator.cpp">
      <Filter>Source Files</Filter>
    </ClCompile>
    <ClCompile Include="BinaryOperator.cpp">
      <Filter>Source Files</Filter>
    </ClCompile>
    <ClCompile Include="AssignOperator.cpp">
      <Filter>Source Files</Filter>
    </ClCompile>
    <ClCompile Include="MultiplicationOperator.cpp">
      <Filter>Source Files</Filter>
    </ClCompile>
    <ClCompile Include="SubtractionOperator.cpp">
      <Filter>Source Files</Filter>
    </ClCompile>
    <ClCompile Include="DivisionOperator.cpp">
      <Filter>Source Files</Filter>
    </ClCompile>
    <ClCompile Include="EqualOperator.cpp">
      <Filter>Source Files</Filter>
    </ClCompile>
    <ClCompile Include="ModuloOperator.cpp">
      <Filter>Source Files</Filter>
    </ClCompile>
    <ClCompile Include="NotEqualOperator.cpp">
      <Filter>Source Files</Filter>
    </ClCompile>
    <ClCompile Include="GraterOperator.cpp">
      <Filter>Source Files</Filter>
    </ClCompile>
    <ClCompile Include="OrOperator.cpp">
      <Filter>Source Files</Filter>
    </ClCompile>
    <ClCompile Include="LessOperator.cpp">
      <Filter>Source Files</Filter>
    </ClCompile>
    <ClCompile Include="AndOperator.cpp">
      <Filter>Source Files</Filter>
    </ClCompile>
    <ClCompile Include="NotOperator.cpp">
      <Filter>Source Files</Filter>
    </ClCompile>
    <ClCompile Include="GraterOrEqualOperator.cpp">
      <Filter>Source Files</Filter>
    </ClCompile>
    <ClCompile Include="LessOrEqualOperator.cpp">
      <Filter>Source Files</Filter>
    </ClCompile>
    <ClCompile Include="DecrementOperator.cpp">
      <Filter>Source Files</Filter>
    </ClCompile>
  </ItemGroup>
</Project>